
Microsoft Visual Studio Solution File, Format Version 12.00
# Visual Studio Version 17
VisualStudioVersion = 17.6.33815.320
MinimumVisualStudioVersion = 10.0.40219.1
Project("{FAE04EC0-301F-11D3-BF4B-00C04F79EFBC}") = "CyberTracking.Web", "CyberTracking.Web\CyberTracking.Web.csproj", "{03A710B5-ACA9-4007-B900-71DB53A37618}"
EndProject
Project("{FAE04EC0-301F-11D3-BF4B-00C04F79EFBC}") = "CyberTracking.Domain", "CyberTracking.Domain\CyberTracking.Domain.csproj", "{D1597712-2D67-45FD-901F-C3BD2880E4C3}"
EndProject
Project("{FAE04EC0-301F-11D3-BF4B-00C04F79EFBC}") = "CyberTracking.EntityFramework", "CyberTracking.EntityFramework\CyberTracking.EntityFramework.csproj", "{42878555-EEC1-4415-8745-F9B0FF74F8F5}"
EndProject
Global
	GlobalSection(SolutionConfigurationPlatforms) = preSolution
		Debug|Any CPU = Debug|Any CPU
		Release|Any CPU = Release|Any CPU
	EndGlobalSection
	GlobalSection(ProjectConfigurationPlatforms) = postSolution
		{03A710B5-ACA9-4007-B900-71DB53A37618}.Debug|Any CPU.ActiveCfg = Debug|Any CPU
		{03A710B5-ACA9-4007-B900-71DB53A37618}.Debug|Any CPU.Build.0 = Debug|Any CPU
		{03A710B5-ACA9-4007-B900-71DB53A37618}.Release|Any CPU.ActiveCfg = Release|Any CPU
		{03A710B5-ACA9-4007-B900-71DB53A37618}.Release|Any CPU.Build.0 = Release|Any CPU
		{D1597712-2D67-45FD-901F-C3BD2880E4C3}.Debug|Any CPU.ActiveCfg = Debug|Any CPU
		{D1597712-2D67-45FD-901F-C3BD2880E4C3}.Debug|Any CPU.Build.0 = Debug|Any CPU
		{D1597712-2D67-45FD-901F-C3BD2880E4C3}.Release|Any CPU.ActiveCfg = Release|Any CPU
		{D1597712-2D67-45FD-901F-C3BD2880E4C3}.Release|Any CPU.Build.0 = Release|Any CPU
		{42878555-EEC1-4415-8745-F9B0FF74F8F5}.Debug|Any CPU.ActiveCfg = Debug|Any CPU
		{42878555-EEC1-4415-8745-F9B0FF74F8F5}.Debug|Any CPU.Build.0 = Debug|Any CPU
		{42878555-EEC1-4415-8745-F9B0FF74F8F5}.Release|Any CPU.ActiveCfg = Release|Any CPU
		{42878555-EEC1-4415-8745-F9B0FF74F8F5}.Release|Any CPU.Build.0 = Release|Any CPU
	EndGlobalSection
	GlobalSection(SolutionProperties) = preSolution
		HideSolutionNode = FALSE
	EndGlobalSection
	GlobalSection(ExtensibilityGlobals) = postSolution
		SolutionGuid = {4F252D9F-C516-476D-A655-58A371274E4B}
	EndGlobalSection
EndGlobal
